
Microsoft Visual Studio Solution File, Format Version 12.00
# Visual Studio 2013
VisualStudioVersion = 12.0.21005.1
MinimumVisualStudioVersion = 10.0.40219.1
Project("{FAE04EC0-301F-11D3-BF4B-00C04F79EFBC}") = "AdExpress", "AdExpress\AdExpress.csproj", "{5F3FB424-298C-42D2-AB48-C09F7957AA77}"
EndProject
Project("{FAE04EC0-301F-11D3-BF4B-00C04F79EFBC}") = "AdExpress.Tests", "AdExpress.Tests\AdExpress.Tests.csproj", "{5E4FEA92-DBCE-48EA-8C20-5BFA575329D9}"
EndProject
Project("{FAE04EC0-301F-11D3-BF4B-00C04F79EFBC}") = "AdExpressService", "AdExpressService\AdExpressService.csproj", "{AA71DB45-2E66-42B2-AF41-394E281AE54D}"
EndProject
Global
	GlobalSection(SolutionConfigurationPlatforms) = preSolution
		Debug|Any CPU = Debug|Any CPU
		Release|Any CPU = Release|Any CPU
	EndGlobalSection
	GlobalSection(ProjectConfigurationPlatforms) = postSolution
		{5F3FB424-298C-42D2-AB48-C09F7957AA77}.Debug|Any CPU.ActiveCfg = Debug|Any CPU
		{5F3FB424-298C-42D2-AB48-C09F7957AA77}.Debug|Any CPU.Build.0 = Debug|Any CPU
		{5F3FB424-298C-42D2-AB48-C09F7957AA77}.Release|Any CPU.ActiveCfg = Release|Any CPU
		{5F3FB424-298C-42D2-AB48-C09F7957AA77}.Release|Any CPU.Build.0 = Release|Any CPU
		{5E4FEA92-DBCE-48EA-8C20-5BFA575329D9}.Debug|Any CPU.ActiveCfg = Debug|Any CPU
		{5E4FEA92-DBCE-48EA-8C20-5BFA575329D9}.Debug|Any CPU.Build.0 = Debug|Any CPU
		{5E4FEA92-DBCE-48EA-8C20-5BFA575329D9}.Release|Any CPU.ActiveCfg = Release|Any CPU
		{5E4FEA92-DBCE-48EA-8C20-5BFA575329D9}.Release|Any CPU.Build.0 = Release|Any CPU
		{AA71DB45-2E66-42B2-AF41-394E281AE54D}.Debug|Any CPU.ActiveCfg = Debug|Any CPU
		{AA71DB45-2E66-42B2-AF41-394E281AE54D}.Debug|Any CPU.Build.0 = Debug|Any CPU
		{AA71DB45-2E66-42B2-AF41-394E281AE54D}.Release|Any CPU.ActiveCfg = Release|Any CPU
		{AA71DB45-2E66-42B2-AF41-394E281AE54D}.Release|Any CPU.Build.0 = Release|Any CPU
	EndGlobalSection
	GlobalSection(SolutionProperties) = preSolution
		HideSolutionNode = FALSE
	EndGlobalSection
EndGlobal
